
Microsoft Visual Studio Solution File, Format Version 12.00
# Visual Studio Version 17
VisualStudioVersion = 17.8.34330.188
MinimumVisualStudioVersion = 10.0.40219.1
Project("{9A19103F-16F7-4668-BE54-9A1E7A4F7556}") = "ProjectPRN231", "ProjectPRN231.csproj", "{C5454AE6-214C-4E48-9FB5-AA4B8C9F7A69}"
EndProject
Project("{9A19103F-16F7-4668-BE54-9A1E7A4F7556}") = "ProjectBusinessModel", "..\ProjectBusinessModel\ProjectBusinessModel.csproj", "{B237FC15-E08B-42FB-B7C3-576829E20FA4}"
EndProject
Project("{FAE04EC0-301F-11D3-BF4B-00C04F79EFBC}") = "ProjectDataAccess", "..\ProjectDataAccess\ProjectDataAccess.csproj", "{046AD7BE-AD6B-402D-9DCA-BF273A27091B}"
EndProject
Global
	GlobalSection(SolutionConfigurationPlatforms) = preSolution
		Debug|Any CPU = Debug|Any CPU
		Release|Any CPU = Release|Any CPU
	EndGlobalSection
	GlobalSection(ProjectConfigurationPlatforms) = postSolution
		{C5454AE6-214C-4E48-9FB5-AA4B8C9F7A69}.Debug|Any CPU.ActiveCfg = Debug|Any CPU
		{C5454AE6-214C-4E48-9FB5-AA4B8C9F7A69}.Debug|Any CPU.Build.0 = Debug|Any CPU
		{C5454AE6-214C-4E48-9FB5-AA4B8C9F7A69}.Release|Any CPU.ActiveCfg = Release|Any CPU
		{C5454AE6-214C-4E48-9FB5-AA4B8C9F7A69}.Release|Any CPU.Build.0 = Release|Any CPU
		{B237FC15-E08B-42FB-B7C3-576829E20FA4}.Debug|Any CPU.ActiveCfg = Debug|Any CPU
		{B237FC15-E08B-42FB-B7C3-576829E20FA4}.Debug|Any CPU.Build.0 = Debug|Any CPU
		{B237FC15-E08B-42FB-B7C3-576829E20FA4}.Release|Any CPU.ActiveCfg = Release|Any CPU
		{B237FC15-E08B-42FB-B7C3-576829E20FA4}.Release|Any CPU.Build.0 = Release|Any CPU
		{046AD7BE-AD6B-402D-9DCA-BF273A27091B}.Debug|Any CPU.ActiveCfg = Debug|Any CPU
		{046AD7BE-AD6B-402D-9DCA-BF273A27091B}.Debug|Any CPU.Build.0 = Debug|Any CPU
		{046AD7BE-AD6B-402D-9DCA-BF273A27091B}.Release|Any CPU.ActiveCfg = Release|Any CPU
		{046AD7BE-AD6B-402D-9DCA-BF273A27091B}.Release|Any CPU.Build.0 = Release|Any CPU
	EndGlobalSection
	GlobalSection(SolutionProperties) = preSolution
		HideSolutionNode = FALSE
	EndGlobalSection
	GlobalSection(ExtensibilityGlobals) = postSolution
		SolutionGuid = {F74ADE95-F375-4BF9-958C-489C103207D1}
	EndGlobalSection
EndGlobal
